
Microsoft Visual Studio Solution File, Format Version 12.00
# Visual Studio Version 17
VisualStudioVersion = 17.13.35818.85 d17.13
MinimumVisualStudioVersion = 10.0.40219.1
Project("{FAE04EC0-301F-11D3-BF4B-00C04F79EFBC}") = "CompactMapper", "CompactMapper\CompactMapper.csproj", "{7F72323D-C614-F2E5-F2A9-6EA8C6CCC2FF}"
EndProject
Project("{FAE04EC0-301F-11D3-BF4B-00C04F79EFBC}") = "CompactMapper.UnitTests", "CompactMapper.UnitTests\CompactMapper.UnitTests.csproj", "{FA348117-551F-0EBD-24E2-C4E471142821}"
EndProject
Global
	GlobalSection(SolutionConfigurationPlatforms) = preSolution
		Debug|Any CPU = Debug|Any CPU
		Release|Any CPU = Release|Any CPU
	EndGlobalSection
	GlobalSection(ProjectConfigurationPlatforms) = postSolution
		{7F72323D-C614-F2E5-F2A9-6EA8C6CCC2FF}.Debug|Any CPU.ActiveCfg = Debug|Any CPU
		{7F72323D-C614-F2E5-F2A9-6EA8C6CCC2FF}.Debug|Any CPU.Build.0 = Debug|Any CPU
		{7F72323D-C614-F2E5-F2A9-6EA8C6CCC2FF}.Release|Any CPU.ActiveCfg = Release|Any CPU
		{7F72323D-C614-F2E5-F2A9-6EA8C6CCC2FF}.Release|Any CPU.Build.0 = Release|Any CPU
		{FA348117-551F-0EBD-24E2-C4E471142821}.Debug|Any CPU.ActiveCfg = Debug|Any CPU
		{FA348117-551F-0EBD-24E2-C4E471142821}.Debug|Any CPU.Build.0 = Debug|Any CPU
		{FA348117-551F-0EBD-24E2-C4E471142821}.Release|Any CPU.ActiveCfg = Release|Any CPU
		{FA348117-551F-0EBD-24E2-C4E471142821}.Release|Any CPU.Build.0 = Release|Any CPU
	EndGlobalSection
	GlobalSection(SolutionProperties) = preSolution
		HideSolutionNode = FALSE
	EndGlobalSection
	GlobalSection(ExtensibilityGlobals) = postSolution
		SolutionGuid = {D6D397C0-99C1-48A4-8614-6ED378A4A33C}
	EndGlobalSection
EndGlobal
